// !$*UTF8*$!
{
	archiveVersion = 1;
	classes = {
	};
	objectVersion = 56;
	objects = {

/* Begin PBXBuildFile section */
		51703A9A2C5560B7008D476E /* blimpApp.swift in Sources */ = {isa = PBXBuildFile; fileRef = 51703A992C5560B7008D476E /* blimpApp.swift */; };
		51703A9C2C5560B7008D476E /* ContentView.swift in Sources */ = {isa = PBXBuildFile; fileRef = 51703A9B2C5560B7008D476E /* ContentView.swift */; };
		51703A9E2C5560BA008D476E /* Assets.xcassets in Resources */ = {isa = PBXBuildFile; fileRef = 51703A9D2C5560BA008D476E /* Assets.xcassets */; };
		51703AA12C5560BA008D476E /* Preview Assets.xcassets in Resources */ = {isa = PBXBuildFile; fileRef = 51703AA02C5560BA008D476E /* Preview Assets.xcassets */; };
		51703AA92C556360008D476E /* Menu.swift in Sources */ = {isa = PBXBuildFile; fileRef = 51703AA82C556360008D476E /* Menu.swift */; };
		51703AAB2C556452008D476E /* StoreSummary.swift in Sources */ = {isa = PBXBuildFile; fileRef = 51703AAA2C556452008D476E /* StoreSummary.swift */; };
		51703AAD2C5565BD008D476E /* SearchView.swift in Sources */ = {isa = PBXBuildFile; fileRef = 51703AAC2C5565BD008D476E /* SearchView.swift */; };
		51703ACA2C556AB7008D476E /* HomeView.swift in Sources */ = {isa = PBXBuildFile; fileRef = 51703AC92C556AB7008D476E /* HomeView.swift */; };
		51703ACC2C556C69008D476E /* ProfileView.swift in Sources */ = {isa = PBXBuildFile; fileRef = 51703ACB2C556C69008D476E /* ProfileView.swift */; };
		51703ACE2C557335008D476E /* ProductAr.swift in Sources */ = {isa = PBXBuildFile; fileRef = 51703ACD2C557334008D476E /* ProductAr.swift */; };
		51703AD12C5575D1008D476E /* FocusEntity in Frameworks */ = {isa = PBXBuildFile; productRef = 51703AD02C5575D1008D476E /* FocusEntity */; };
		51703AD32C557750008D476E /* chair_swan.usdz in Resources */ = {isa = PBXBuildFile; fileRef = 51703AD22C557750008D476E /* chair_swan.usdz */; };
		51703AD72C5580DC008D476E /* fender_stratocaster.usdz in Resources */ = {isa = PBXBuildFile; fileRef = 51703AD42C5580DC008D476E /* fender_stratocaster.usdz */; };
		51703AD82C5580DC008D476E /* sneaker_pegasustrail.usdz in Resources */ = {isa = PBXBuildFile; fileRef = 51703AD52C5580DC008D476E /* sneaker_pegasustrail.usdz */; };
		51703AD92C5580DC008D476E /* sneaker_airforce.usdz in Resources */ = {isa = PBXBuildFile; fileRef = 51703AD62C5580DC008D476E /* sneaker_airforce.usdz */; };
		51703ADB2C558274008D476E /* MyProductView.swift in Sources */ = {isa = PBXBuildFile; fileRef = 51703ADA2C558274008D476E /* MyProductView.swift */; };
		51703ADD2C5582F1008D476E /* Product.swift in Sources */ = {isa = PBXBuildFile; fileRef = 51703ADC2C5582F1008D476E /* Product.swift */; };
		51703ADF2C558329008D476E /* ProductCategory.swift in Sources */ = {isa = PBXBuildFile; fileRef = 51703ADE2C558329008D476E /* ProductCategory.swift */; };
		51703AE12C558786008D476E /* ProductDetailView.swift in Sources */ = {isa = PBXBuildFile; fileRef = 51703AE02C558786008D476E /* ProductDetailView.swift */; };
/* End PBXBuildFile section */

/* Begin PBXFileReference section */
		51703A962C5560B7008D476E /* blimp.app */ = {isa = PBXFileReference; explicitFileType = wrapper.application; includeInIndex = 0; path = blimp.app; sourceTree = BUILT_PRODUCTS_DIR; };
		51703A992C5560B7008D476E /* blimpApp.swift */ = {isa = PBXFileReference; lastKnownFileType = sourcecode.swift; path = blimpApp.swift; sourceTree = "<group>"; };
		51703A9B2C5560B7008D476E /* ContentView.swift */ = {isa = PBXFileReference; lastKnownFileType = sourcecode.swift; path = ContentView.swift; sourceTree = "<group>"; };
		51703A9D2C5560BA008D476E /* Assets.xcassets */ = {isa = PBXFileReference; lastKnownFileType = folder.assetcatalog; path = Assets.xcassets; sourceTree = "<group>"; };
		51703AA02C5560BA008D476E /* Preview Assets.xcassets */ = {isa = PBXFileReference; lastKnownFileType = folder.assetcatalog; path = "Preview Assets.xcassets"; sourceTree = "<group>"; };
		51703AA22C5560BA008D476E /* blimp.entitlements */ = {isa = PBXFileReference; lastKnownFileType = text.plist.entitlements; path = blimp.entitlements; sourceTree = "<group>"; };
		51703AA82C556360008D476E /* Menu.swift */ = {isa = PBXFileReference; lastKnownFileType = sourcecode.swift; path = Menu.swift; sourceTree = "<group>"; };
		51703AAA2C556452008D476E /* StoreSummary.swift */ = {isa = PBXFileReference; lastKnownFileType = sourcecode.swift; path = StoreSummary.swift; sourceTree = "<group>"; };
		51703AAC2C5565BD008D476E /* SearchView.swift */ = {isa = PBXFileReference; lastKnownFileType = sourcecode.swift; path = SearchView.swift; sourceTree = "<group>"; };
		51703AC92C556AB7008D476E /* HomeView.swift */ = {isa = PBXFileReference; lastKnownFileType = sourcecode.swift; path = HomeView.swift; sourceTree = "<group>"; };
		51703ACB2C556C69008D476E /* ProfileView.swift */ = {isa = PBXFileReference; lastKnownFileType = sourcecode.swift; path = ProfileView.swift; sourceTree = "<group>"; };
		51703ACD2C557334008D476E /* ProductAr.swift */ = {isa = PBXFileReference; lastKnownFileType = sourcecode.swift; path = ProductAr.swift; sourceTree = "<group>"; };
		51703AD22C557750008D476E /* chair_swan.usdz */ = {isa = PBXFileReference; lastKnownFileType = file.usdz; name = chair_swan.usdz; path = ../../../../Downloads/chair_swan.usdz; sourceTree = "<group>"; };
		51703AD42C5580DC008D476E /* fender_stratocaster.usdz */ = {isa = PBXFileReference; lastKnownFileType = file.usdz; name = fender_stratocaster.usdz; path = ../../../../Downloads/fender_stratocaster.usdz; sourceTree = "<group>"; };
		51703AD52C5580DC008D476E /* sneaker_pegasustrail.usdz */ = {isa = PBXFileReference; lastKnownFileType = file.usdz; name = sneaker_pegasustrail.usdz; path = ../../../../Downloads/sneaker_pegasustrail.usdz; sourceTree = "<group>"; };
		51703AD62C5580DC008D476E /* sneaker_airforce.usdz */ = {isa = PBXFileReference; lastKnownFileType = file.usdz; name = sneaker_airforce.usdz; path = ../../../../Downloads/sneaker_airforce.usdz; sourceTree = "<group>"; };
		51703ADA2C558274008D476E /* MyProductView.swift */ = {isa = PBXFileReference; lastKnownFileType = sourcecode.swift; path = MyProductView.swift; sourceTree = "<group>"; };
		51703ADC2C5582F1008D476E /* Product.swift */ = {isa = PBXFileReference; lastKnownFileType = sourcecode.swift; path = Product.swift; sourceTree = "<group>"; };
		51703ADE2C558329008D476E /* ProductCategory.swift */ = {isa = PBXFileReference; lastKnownFileType = sourcecode.swift; path = ProductCategory.swift; sourceTree = "<group>"; };
		51703AE02C558786008D476E /* ProductDetailView.swift */ = {isa = PBXFileReference; lastKnownFileType = sourcecode.swift; path = ProductDetailView.swift; sourceTree = "<group>"; };
/* End PBXFileReference section */

/* Begin PBXFrameworksBuildPhase section */
		51703A932C5560B7008D476E /* Frameworks */ = {
			isa = PBXFrameworksBuildPhase;
			buildActionMask = 2147483647;
			files = (
				51703AD12C5575D1008D476E /* FocusEntity in Frameworks */,
			);
			runOnlyForDeploymentPostprocessing = 0;
		};
/* End PBXFrameworksBuildPhase section */

/* Begin PBXGroup section */
		51703A8D2C5560B7008D476E = {
			isa = PBXGroup;
			children = (
				51703A982C5560B7008D476E /* blimp */,
				51703A972C5560B7008D476E /* Products */,
			);
			sourceTree = "<group>";
		};
		51703A972C5560B7008D476E /* Products */ = {
			isa = PBXGroup;
			children = (
				51703A962C5560B7008D476E /* blimp.app */,
			);
			name = Products;
			sourceTree = "<group>";
		};
		51703A982C5560B7008D476E /* blimp */ = {
			isa = PBXGroup;
			children = (
				51703A992C5560B7008D476E /* blimpApp.swift */,
				51703A9B2C5560B7008D476E /* ContentView.swift */,
				51703A9D2C5560BA008D476E /* Assets.xcassets */,
				51703AA22C5560BA008D476E /* blimp.entitlements */,
				51703A9F2C5560BA008D476E /* Preview Content */,
				51703AA82C556360008D476E /* Menu.swift */,
				51703AD42C5580DC008D476E /* fender_stratocaster.usdz */,
				51703AD62C5580DC008D476E /* sneaker_airforce.usdz */,
				51703AD52C5580DC008D476E /* sneaker_pegasustrail.usdz */,
				51703AD22C557750008D476E /* chair_swan.usdz */,
				51703AAA2C556452008D476E /* StoreSummary.swift */,
				51703AAC2C5565BD008D476E /* SearchView.swift */,
				51703AC92C556AB7008D476E /* HomeView.swift */,
				51703ACB2C556C69008D476E /* ProfileView.swift */,
				51703ACD2C557334008D476E /* ProductAr.swift */,
				51703ADA2C558274008D476E /* MyProductView.swift */,
				51703ADC2C5582F1008D476E /* Product.swift */,
				51703ADE2C558329008D476E /* ProductCategory.swift */,
				51703AE02C558786008D476E /* ProductDetailView.swift */,
			);
			path = blimp;
			sourceTree = "<group>";
		};
		51703A9F2C5560BA008D476E /* Preview Content */ = {
			isa = PBXGroup;
			children = (
				51703AA02C5560BA008D476E /* Preview Assets.xcassets */,
			);
			path = "Preview Content";
			sourceTree = "<group>";
		};
/* End PBXGroup section */

/* Begin PBXNativeTarget section */
		51703A952C5560B7008D476E /* blimp */ = {
			isa = PBXNativeTarget;
			buildConfigurationList = 51703AA52C5560BA008D476E /* Build configuration list for PBXNativeTarget "blimp" */;
			buildPhases = (
				51703A922C5560B7008D476E /* Sources */,
				51703A932C5560B7008D476E /* Frameworks */,
				51703A942C5560B7008D476E /* Resources */,
			);
			buildRules = (
			);
			dependencies = (
			);
			name = blimp;
			packageProductDependencies = (
				51703AD02C5575D1008D476E /* FocusEntity */,
			);
			productName = blimp;
			productReference = 51703A962C5560B7008D476E /* blimp.app */;
			productType = "com.apple.product-type.application";
		};
/* End PBXNativeTarget section */

/* Begin PBXProject section */
		51703A8E2C5560B7008D476E /* Project object */ = {
			isa = PBXProject;
			attributes = {
				BuildIndependentTargetsInParallel = 1;
				LastSwiftUpdateCheck = 1540;
				LastUpgradeCheck = 1540;
				TargetAttributes = {
					51703A952C5560B7008D476E = {
						CreatedOnToolsVersion = 15.4;
					};
				};
			};
			buildConfigurationList = 51703A912C5560B7008D476E /* Build configuration list for PBXProject "blimp" */;
			compatibilityVersion = "Xcode 14.0";
			developmentRegion = en;
			hasScannedForEncodings = 0;
			knownRegions = (
				en,
				Base,
			);
			mainGroup = 51703A8D2C5560B7008D476E;
			packageReferences = (
				51703ACF2C5575D1008D476E /* XCRemoteSwiftPackageReference "FocusEntity" */,
			);
			productRefGroup = 51703A972C5560B7008D476E /* Products */;
			projectDirPath = "";
			projectRoot = "";
			targets = (
				51703A952C5560B7008D476E /* blimp */,
			);
		};
/* End PBXProject section */

/* Begin PBXResourcesBuildPhase section */
		51703A942C5560B7008D476E /* Resources */ = {
			isa = PBXResourcesBuildPhase;
			buildActionMask = 2147483647;
			files = (
				51703AD32C557750008D476E /* chair_swan.usdz in Resources */,
				51703AD82C5580DC008D476E /* sneaker_pegasustrail.usdz in Resources */,
				51703AA12C5560BA008D476E /* Preview Assets.xcassets in Resources */,
				51703AD72C5580DC008D476E /* fender_stratocaster.usdz in Resources */,
				51703AD92C5580DC008D476E /* sneaker_airforce.usdz in Resources */,
				51703A9E2C5560BA008D476E /* Assets.xcassets in Resources */,
			);
			runOnlyForDeploymentPostprocessing = 0;
		};
/* End PBXResourcesBuildPhase section */

/* Begin PBXSourcesBuildPhase section */
		51703A922C5560B7008D476E /* Sources */ = {
			isa = PBXSourcesBuildPhase;
			buildActionMask = 2147483647;
			files = (
				51703ADB2C558274008D476E /* MyProductView.swift in Sources */,
				51703AAD2C5565BD008D476E /* SearchView.swift in Sources */,
				51703AAB2C556452008D476E /* StoreSummary.swift in Sources */,
				51703AA92C556360008D476E /* Menu.swift in Sources */,
				51703A9C2C5560B7008D476E /* ContentView.swift in Sources */,
				51703AE12C558786008D476E /* ProductDetailView.swift in Sources */,
				51703ACA2C556AB7008D476E /* HomeView.swift in Sources */,
				51703ACC2C556C69008D476E /* ProfileView.swift in Sources */,
				51703ADD2C5582F1008D476E /* Product.swift in Sources */,
				51703ADF2C558329008D476E /* ProductCategory.swift in Sources */,
				51703ACE2C557335008D476E /* ProductAr.swift in Sources */,
				51703A9A2C5560B7008D476E /* blimpApp.swift in Sources */,
			);
			runOnlyForDeploymentPostprocessing = 0;
		};
/* End PBXSourcesBuildPhase section */

/* Begin XCBuildConfiguration section */
		51703AA32C5560BA008D476E /* Debug */ = {
			isa = XCBuildConfiguration;
			buildSettings = {
				ALWAYS_SEARCH_USER_PATHS = NO;
				ASSETCATALOG_COMPILER_GENERATE_SWIFT_ASSET_SYMBOL_EXTENSIONS = YES;
				CLANG_ANALYZER_NONNULL = YES;
				CLANG_ANALYZER_NUMBER_OBJECT_CONVERSION = YES_AGGRESSIVE;
				CLANG_CXX_LANGUAGE_STANDARD = "gnu++20";
				CLANG_ENABLE_MODULES = YES;
				CLANG_ENABLE_OBJC_ARC = YES;
				CLANG_ENABLE_OBJC_WEAK = YES;
				CLANG_WARN_BLOCK_CAPTURE_AUTORELEASING = YES;
				CLANG_WARN_BOOL_CONVERSION = YES;
				CLANG_WARN_COMMA = YES;
				CLANG_WARN_CONSTANT_CONVERSION = YES;
				CLANG_WARN_DEPRECATED_OBJC_IMPLEMENTATIONS = YES;
				CLANG_WARN_DIRECT_OBJC_ISA_USAGE = YES_ERROR;
				CLANG_WARN_DOCUMENTATION_COMMENTS = YES;
				CLANG_WARN_EMPTY_BODY = YES;
				CLANG_WARN_ENUM_CONVERSION = YES;
				CLANG_WARN_INFINITE_RECURSION = YES;
				CLANG_WARN_INT_CONVERSION = YES;
				CLANG_WARN_NON_LITERAL_NULL_CONVERSION = YES;
				CLANG_WARN_OBJC_IMPLICIT_RETAIN_SELF = YES;
				CLANG_WARN_OBJC_LITERAL_CONVERSION = YES;
				CLANG_WARN_OBJC_ROOT_CLASS = YES_ERROR;
				CLANG_WARN_QUOTED_INCLUDE_IN_FRAMEWORK_HEADER = YES;
				CLANG_WARN_RANGE_LOOP_ANALYSIS = YES;
				CLANG_WARN_STRICT_PROTOTYPES = YES;
				CLANG_WARN_SUSPICIOUS_MOVE = YES;
				CLANG_WARN_UNGUARDED_AVAILABILITY = YES_AGGRESSIVE;
				CLANG_WARN_UNREACHABLE_CODE = YES;
				CLANG_WARN__DUPLICATE_METHOD_MATCH = YES;
				COPY_PHASE_STRIP = NO;
				DEBUG_INFORMATION_FORMAT = dwarf;
				ENABLE_STRICT_OBJC_MSGSEND = YES;
				ENABLE_TESTABILITY = YES;
				ENABLE_USER_SCRIPT_SANDBOXING = YES;
				GCC_C_LANGUAGE_STANDARD = gnu17;
				GCC_DYNAMIC_NO_PIC = NO;
				GCC_NO_COMMON_BLOCKS = YES;
				GCC_OPTIMIZATION_LEVEL = 0;
				GCC_PREPROCESSOR_DEFINITIONS = (
					"DEBUG=1",
					"$(inherited)",
				);
				GCC_WARN_64_TO_32_BIT_CONVERSION = YES;
				GCC_WARN_ABOUT_RETURN_TYPE = YES_ERROR;
				GCC_WARN_UNDECLARED_SELECTOR = YES;
				GCC_WARN_UNINITIALIZED_AUTOS = YES_AGGRESSIVE;
				GCC_WARN_UNUSED_FUNCTION = YES;
				GCC_WARN_UNUSED_VARIABLE = YES;
				LOCALIZATION_PREFERS_STRING_CATALOGS = YES;
				MACOSX_DEPLOYMENT_TARGET = 14.5;
				MTL_ENABLE_DEBUG_INFO = INCLUDE_SOURCE;
				MTL_FAST_MATH = YES;
				ONLY_ACTIVE_ARCH = YES;
				SDKROOT = macosx;
				SWIFT_ACTIVE_COMPILATION_CONDITIONS = "DEBUG $(inherited)";
				SWIFT_OPTIMIZATION_LEVEL = "-Onone";
			};
			name = Debug;
		};
		51703AA42C5560BA008D476E /* Release */ = {
			isa = XCBuildConfiguration;
			buildSettings = {
				ALWAYS_SEARCH_USER_PATHS = NO;
				ASSETCATALOG_COMPILER_GENERATE_SWIFT_ASSET_SYMBOL_EXTENSIONS = YES;
				CLANG_ANALYZER_NONNULL = YES;
				CLANG_ANALYZER_NUMBER_OBJECT_CONVERSION = YES_AGGRESSIVE;
				CLANG_CXX_LANGUAGE_STANDARD = "gnu++20";
				CLANG_ENABLE_MODULES = YES;
				CLANG_ENABLE_OBJC_ARC = YES;
				CLANG_ENABLE_OBJC_WEAK = YES;
				CLANG_WARN_BLOCK_CAPTURE_AUTORELEASING = YES;
				CLANG_WARN_BOOL_CONVERSION = YES;
				CLANG_WARN_COMMA = YES;
				CLANG_WARN_CONSTANT_CONVERSION = YES;
				CLANG_WARN_DEPRECATED_OBJC_IMPLEMENTATIONS = YES;
				CLANG_WARN_DIRECT_OBJC_ISA_USAGE = YES_ERROR;
				CLANG_WARN_DOCUMENTATION_COMMENTS = YES;
				CLANG_WARN_EMPTY_BODY = YES;
				CLANG_WARN_ENUM_CONVERSION = YES;
				CLANG_WARN_INFINITE_RECURSION = YES;
				CLANG_WARN_INT_CONVERSION = YES;
				CLANG_WARN_NON_LITERAL_NULL_CONVERSION = YES;
				CLANG_WARN_OBJC_IMPLICIT_RETAIN_SELF = YES;
				CLANG_WARN_OBJC_LITERAL_CONVERSION = YES;
				CLANG_WARN_OBJC_ROOT_CLASS = YES_ERROR;
				CLANG_WARN_QUOTED_INCLUDE_IN_FRAMEWORK_HEADER = YES;
				CLANG_WARN_RANGE_LOOP_ANALYSIS = YES;
				CLANG_WARN_STRICT_PROTOTYPES = YES;
				CLANG_WARN_SUSPICIOUS_MOVE = YES;
				CLANG_WARN_UNGUARDED_AVAILABILITY = YES_AGGRESSIVE;
				CLANG_WARN_UNREACHABLE_CODE = YES;
				CLANG_WARN__DUPLICATE_METHOD_MATCH = YES;
				COPY_PHASE_STRIP = NO;
				DEBUG_INFORMATION_FORMAT = "dwarf-with-dsym";
				ENABLE_NS_ASSERTIONS = NO;
				ENABLE_STRICT_OBJC_MSGSEND = YES;
				ENABLE_USER_SCRIPT_SANDBOXING = YES;
				GCC_C_LANGUAGE_STANDARD = gnu17;
				GCC_NO_COMMON_BLOCKS = YES;
				GCC_WARN_64_TO_32_BIT_CONVERSION = YES;
				GCC_WARN_ABOUT_RETURN_TYPE = YES_ERROR;
				GCC_WARN_UNDECLARED_SELECTOR = YES;
				GCC_WARN_UNINITIALIZED_AUTOS = YES_AGGRESSIVE;
				GCC_WARN_UNUSED_FUNCTION = YES;
				GCC_WARN_UNUSED_VARIABLE = YES;
				LOCALIZATION_PREFERS_STRING_CATALOGS = YES;
				MACOSX_DEPLOYMENT_TARGET = 14.5;
				MTL_ENABLE_DEBUG_INFO = NO;
				MTL_FAST_MATH = YES;
				SDKROOT = macosx;
				SWIFT_COMPILATION_MODE = wholemodule;
			};
			name = Release;
		};
		51703AA62C5560BA008D476E /* Debug */ = {
			isa = XCBuildConfiguration;
			buildSettings = {
				ASSETCATALOG_COMPILER_APPICON_NAME = AppIcon;
				ASSETCATALOG_COMPILER_GLOBAL_ACCENT_COLOR_NAME = AccentColor;
				CODE_SIGN_ENTITLEMENTS = blimp/blimp.entitlements;
				CODE_SIGN_STYLE = Automatic;
				COMBINE_HIDPI_IMAGES = YES;
				CURRENT_PROJECT_VERSION = 1;
				DEVELOPMENT_ASSET_PATHS = "\"blimp/Preview Content\"";
				DEVELOPMENT_TEAM = 5YF3CW4ZGM;
				ENABLE_HARDENED_RUNTIME = YES;
				ENABLE_PREVIEWS = YES;
				GENERATE_INFOPLIST_FILE = YES;
				INFOPLIST_KEY_NSCameraUsageDescription = "Recognize the surface";
				INFOPLIST_KEY_NSHumanReadableCopyright = "";
				LD_RUNPATH_SEARCH_PATHS = (
					"$(inherited)",
					"@executable_path/../Frameworks",
				);
				MARKETING_VERSION = 1.0;
				PRODUCT_BUNDLE_IDENTIFIER = com.blippinz.blimp;
				PRODUCT_NAME = "$(TARGET_NAME)";
				SUPPORTED_PLATFORMS = "iphoneos iphonesimulator";
				SUPPORTS_MACCATALYST = NO;
				SWIFT_EMIT_LOC_STRINGS = YES;
				SWIFT_VERSION = 5.0;
				TARGETED_DEVICE_FAMILY = 1;
			};
			name = Debug;
		};
		51703AA72C5560BA008D476E /* Release */ = {
			isa = XCBuildConfiguration;
			buildSettings = {
				ASSETCATALOG_COMPILER_APPICON_NAME = AppIcon;
				ASSETCATALOG_COMPILER_GLOBAL_ACCENT_COLOR_NAME = AccentColor;
				CODE_SIGN_ENTITLEMENTS = blimp/blimp.entitlements;
				CODE_SIGN_STYLE = Automatic;
				COMBINE_HIDPI_IMAGES = YES;
				CURRENT_PROJECT_VERSION = 1;
				DEVELOPMENT_ASSET_PATHS = "\"blimp/Preview Content\"";
				DEVELOPMENT_TEAM = 5YF3CW4ZGM;
				ENABLE_HARDENED_RUNTIME = YES;
				ENABLE_PREVIEWS = YES;
				GENERATE_INFOPLIST_FILE = YES;
				INFOPLIST_KEY_NSCameraUsageDescription = "Recognize the surface";
				INFOPLIST_KEY_NSHumanReadableCopyright = "";
				LD_RUNPATH_SEARCH_PATHS = (
					"$(inherited)",
					"@executable_path/../Frameworks",
				);
				MARKETING_VERSION = 1.0;
				PRODUCT_BUNDLE_IDENTIFIER = com.blippinz.blimp;
				PRODUCT_NAME = "$(TARGET_NAME)";
				SUPPORTED_PLATFORMS = "iphoneos iphonesimulator";
				SUPPORTS_MACCATALYST = NO;
				SWIFT_EMIT_LOC_STRINGS = YES;
				SWIFT_VERSION = 5.0;
				TARGETED_DEVICE_FAMILY = 1;
			};
			name = Release;
		};
/* End XCBuildConfiguration section */

/* Begin XCConfigurationList section */
		51703A912C5560B7008D476E /* Build configuration list for PBXProject "blimp" */ = {
			isa = XCConfigurationList;
			buildConfigurations = (
				51703AA32C5560BA008D476E /* Debug */,
				51703AA42C5560BA008D476E /* Release */,
			);
			defaultConfigurationIsVisible = 0;
			defaultConfigurationName = Release;
		};
		51703AA52C5560BA008D476E /* Build configuration list for PBXNativeTarget "blimp" */ = {
			isa = XCConfigurationList;
			buildConfigurations = (
				51703AA62C5560BA008D476E /* Debug */,
				51703AA72C5560BA008D476E /* Release */,
			);
			defaultConfigurationIsVisible = 0;
			defaultConfigurationName = Release;
		};
/* End XCConfigurationList section */

/* Begin XCRemoteSwiftPackageReference section */
		51703ACF2C5575D1008D476E /* XCRemoteSwiftPackageReference "FocusEntity" */ = {
			isa = XCRemoteSwiftPackageReference;
			repositoryURL = "https://github.com/maxxfrazer/FocusEntity";
			requirement = {
				kind = upToNextMajorVersion;
				minimumVersion = 2.5.1;
			};
		};
/* End XCRemoteSwiftPackageReference section */

/* Begin XCSwiftPackageProductDependency section */
		51703AD02C5575D1008D476E /* FocusEntity */ = {
			isa = XCSwiftPackageProductDependency;
			package = 51703ACF2C5575D1008D476E /* XCRemoteSwiftPackageReference "FocusEntity" */;
			productName = FocusEntity;
		};
/* End XCSwiftPackageProductDependency section */
	};
	rootObject = 51703A8E2C5560B7008D476E /* Project object */;
}
